
Microsoft Visual Studio Solution File, Format Version 12.00
# Visual Studio Version 17
VisualStudioVersion = 17.4.33213.308
MinimumVisualStudioVersion = 10.0.40219.1
Project("{FAE04EC0-301F-11D3-BF4B-00C04F79EFBC}") = "ConsoleSample", "ConsoleSample\ConsoleSample.csproj", "{87694377-5BDE-4201-9E89-6F2A10E46F21}"
EndProject
Global
	GlobalSection(SolutionConfigurationPlatforms) = preSolution
		Debug|Any CPU = Debug|Any CPU
		Release|Any CPU = Release|Any CPU
	EndGlobalSection
	GlobalSection(ProjectConfigurationPlatforms) = postSolution
		{87694377-5BDE-4201-9E89-6F2A10E46F21}.Debug|Any CPU.ActiveCfg = Debug|Any CPU
		{87694377-5BDE-4201-9E89-6F2A10E46F21}.Debug|Any CPU.Build.0 = Debug|Any CPU
		{87694377-5BDE-4201-9E89-6F2A10E46F21}.Release|Any CPU.ActiveCfg = Release|Any CPU
		{87694377-5BDE-4201-9E89-6F2A10E46F21}.Release|Any CPU.Build.0 = Release|Any CPU
	EndGlobalSection
	GlobalSection(SolutionProperties) = preSolution
		HideSolutionNode = FALSE
	EndGlobalSection
	GlobalSection(ExtensibilityGlobals) = postSolution
		SolutionGuid = {1035B4A9-698E-4FD6-A017-44FF3AAADD39}
	EndGlobalSection
EndGlobal
